
Microsoft Visual Studio Solution File, Format Version 12.00
# Visual Studio 15
VisualStudioVersion = 15.0.27004.2009
MinimumVisualStudioVersion = 10.0.40219.1
Project("{FAE04EC0-301F-11D3-BF4B-00C04F79EFBC}") = "Vision", "Vision\Vision.csproj", "{96FFE9FF-234F-45D9-9FF6-865153E2784E}"
EndProject
Project("{FAE04EC0-301F-11D3-BF4B-00C04F79EFBC}") = "Vision.Storage.Azure", "Vision.Storage.Azure\Vision.Storage.Azure.csproj", "{65C57713-AAC8-4317-8FEE-6AA647D078E0}"
EndProject
Project("{FAE04EC0-301F-11D3-BF4B-00C04F79EFBC}") = "ConsoleTest", "ConsoleTest\ConsoleTest.csproj", "{B925640B-1B82-4F5B-A9ED-1ADACCB5A583}"
EndProject
Project("{9A19103F-16F7-4668-BE54-9A1E7A4F7556}") = "Vision.Core", "Vision.Core\Vision.Core.csproj", "{AC8C3D81-D1B8-4E5C-A164-432A8F0FB98A}"
EndProject
Global
	GlobalSection(SolutionConfigurationPlatforms) = preSolution
		Debug|Any CPU = Debug|Any CPU
		Debug|x64 = Debug|x64
		Debug|x86 = Debug|x86
		Release|Any CPU = Release|Any CPU
		Release|x64 = Release|x64
		Release|x86 = Release|x86
	EndGlobalSection
	GlobalSection(ProjectConfigurationPlatforms) = postSolution
		{96FFE9FF-234F-45D9-9FF6-865153E2784E}.Debug|Any CPU.ActiveCfg = Debug|Any CPU
		{96FFE9FF-234F-45D9-9FF6-865153E2784E}.Debug|Any CPU.Build.0 = Debug|Any CPU
		{96FFE9FF-234F-45D9-9FF6-865153E2784E}.Debug|x64.ActiveCfg = Debug|x64
		{96FFE9FF-234F-45D9-9FF6-865153E2784E}.Debug|x64.Build.0 = Debug|x64
		{96FFE9FF-234F-45D9-9FF6-865153E2784E}.Debug|x86.ActiveCfg = Debug|x86
		{96FFE9FF-234F-45D9-9FF6-865153E2784E}.Debug|x86.Build.0 = Debug|x86
		{96FFE9FF-234F-45D9-9FF6-865153E2784E}.Release|Any CPU.ActiveCfg = Release|Any CPU
		{96FFE9FF-234F-45D9-9FF6-865153E2784E}.Release|Any CPU.Build.0 = Release|Any CPU
		{96FFE9FF-234F-45D9-9FF6-865153E2784E}.Release|x64.ActiveCfg = Release|x64
		{96FFE9FF-234F-45D9-9FF6-865153E2784E}.Release|x64.Build.0 = Release|x64
		{96FFE9FF-234F-45D9-9FF6-865153E2784E}.Release|x86.ActiveCfg = Release|x86
		{96FFE9FF-234F-45D9-9FF6-865153E2784E}.Release|x86.Build.0 = Release|x86
		{65C57713-AAC8-4317-8FEE-6AA647D078E0}.Debug|Any CPU.ActiveCfg = Debug|Any CPU
		{65C57713-AAC8-4317-8FEE-6AA647D078E0}.Debug|Any CPU.Build.0 = Debug|Any CPU
		{65C57713-AAC8-4317-8FEE-6AA647D078E0}.Debug|x64.ActiveCfg = Debug|Any CPU
		{65C57713-AAC8-4317-8FEE-6AA647D078E0}.Debug|x64.Build.0 = Debug|Any CPU
		{65C57713-AAC8-4317-8FEE-6AA647D078E0}.Debug|x86.ActiveCfg = Debug|Any CPU
		{65C57713-AAC8-4317-8FEE-6AA647D078E0}.Debug|x86.Build.0 = Debug|Any CPU
		{65C57713-AAC8-4317-8FEE-6AA647D078E0}.Release|Any CPU.ActiveCfg = Release|Any CPU
		{65C57713-AAC8-4317-8FEE-6AA647D078E0}.Release|Any CPU.Build.0 = Release|Any CPU
		{65C57713-AAC8-4317-8FEE-6AA647D078E0}.Release|x64.ActiveCfg = Release|Any CPU
		{65C57713-AAC8-4317-8FEE-6AA647D078E0}.Release|x64.Build.0 = Release|Any CPU
		{65C57713-AAC8-4317-8FEE-6AA647D078E0}.Release|x86.ActiveCfg = Release|Any CPU
		{65C57713-AAC8-4317-8FEE-6AA647D078E0}.Release|x86.Build.0 = Release|Any CPU
		{B925640B-1B82-4F5B-A9ED-1ADACCB5A583}.Debug|Any CPU.ActiveCfg = Debug|Any CPU
		{B925640B-1B82-4F5B-A9ED-1ADACCB5A583}.Debug|Any CPU.Build.0 = Debug|Any CPU
		{B925640B-1B82-4F5B-A9ED-1ADACCB5A583}.Debug|x64.ActiveCfg = Debug|Any CPU
		{B925640B-1B82-4F5B-A9ED-1ADACCB5A583}.Debug|x64.Build.0 = Debug|Any CPU
		{B925640B-1B82-4F5B-A9ED-1ADACCB5A583}.Debug|x86.ActiveCfg = Debug|Any CPU
		{B925640B-1B82-4F5B-A9ED-1ADACCB5A583}.Debug|x86.Build.0 = Debug|Any CPU
		{B925640B-1B82-4F5B-A9ED-1ADACCB5A583}.Release|Any CPU.ActiveCfg = Release|Any CPU
		{B925640B-1B82-4F5B-A9ED-1ADACCB5A583}.Release|Any CPU.Build.0 = Release|Any CPU
		{B925640B-1B82-4F5B-A9ED-1ADACCB5A583}.Release|x64.ActiveCfg = Release|Any CPU
		{B925640B-1B82-4F5B-A9ED-1ADACCB5A583}.Release|x64.Build.0 = Release|Any CPU
		{B925640B-1B82-4F5B-A9ED-1ADACCB5A583}.Release|x86.ActiveCfg = Release|Any CPU
		{B925640B-1B82-4F5B-A9ED-1ADACCB5A583}.Release|x86.Build.0 = Release|Any CPU
		{AC8C3D81-D1B8-4E5C-A164-432A8F0FB98A}.Debug|Any CPU.ActiveCfg = Debug|Any CPU
		{AC8C3D81-D1B8-4E5C-A164-432A8F0FB98A}.Debug|Any CPU.Build.0 = Debug|Any CPU
		{AC8C3D81-D1B8-4E5C-A164-432A8F0FB98A}.Debug|x64.ActiveCfg = Debug|Any CPU
		{AC8C3D81-D1B8-4E5C-A164-432A8F0FB98A}.Debug|x64.Build.0 = Debug|Any CPU
		{AC8C3D81-D1B8-4E5C-A164-432A8F0FB98A}.Debug|x86.ActiveCfg = Debug|Any CPU
		{AC8C3D81-D1B8-4E5C-A164-432A8F0FB98A}.Debug|x86.Build.0 = Debug|Any CPU
		{AC8C3D81-D1B8-4E5C-A164-432A8F0FB98A}.Release|Any CPU.ActiveCfg = Release|Any CPU
		{AC8C3D81-D1B8-4E5C-A164-432A8F0FB98A}.Release|Any CPU.Build.0 = Release|Any CPU
		{AC8C3D81-D1B8-4E5C-A164-432A8F0FB98A}.Release|x64.ActiveCfg = Release|Any CPU
		{AC8C3D81-D1B8-4E5C-A164-432A8F0FB98A}.Release|x64.Build.0 = Release|Any CPU
		{AC8C3D81-D1B8-4E5C-A164-432A8F0FB98A}.Release|x86.ActiveCfg = Release|Any CPU
		{AC8C3D81-D1B8-4E5C-A164-432A8F0FB98A}.Release|x86.Build.0 = Release|Any CPU
	EndGlobalSection
	GlobalSection(SolutionProperties) = preSolution
		HideSolutionNode = FALSE
	EndGlobalSection
	GlobalSection(ExtensibilityGlobals) = postSolution
		SolutionGuid = {A5803C95-F493-494D-B82E-286CE69B2DD3}
	EndGlobalSection
EndGlobal
